
Microsoft Visual Studio Solution File, Format Version 12.00
# Visual Studio 15
Project("{FAE04EC0-301F-11D3-BF4B-00C04F79EFBC}") = "RayTracing", "RayTracing.csproj", "{DB57E86E-D52E-1D6F-0C51-6AFE97F35929}"
EndProject
Global
	GlobalSection(SolutionConfigurationPlatforms) = preSolution
		Debug|Any CPU = Debug|Any CPU
		Release|Any CPU = Release|Any CPU
	EndGlobalSection
	GlobalSection(ProjectConfigurationPlatforms) = postSolution
		{DB57E86E-D52E-1D6F-0C51-6AFE97F35929}.Debug|Any CPU.ActiveCfg = Debug|Any CPU
		{DB57E86E-D52E-1D6F-0C51-6AFE97F35929}.Debug|Any CPU.Build.0 = Debug|Any CPU
		{DB57E86E-D52E-1D6F-0C51-6AFE97F35929}.Release|Any CPU.ActiveCfg = Release|Any CPU
		{DB57E86E-D52E-1D6F-0C51-6AFE97F35929}.Release|Any CPU.Build.0 = Release|Any CPU
	EndGlobalSection
	GlobalSection(SolutionProperties) = preSolution
		HideSolutionNode = FALSE
	EndGlobalSection
EndGlobal
